
Microsoft Visual Studio Solution File, Format Version 12.00
# Visual Studio Version 17
VisualStudioVersion = 17.9.34701.34
MinimumVisualStudioVersion = 10.0.40219.1
Project("{8BC9CEB8-8B4A-11D0-8D11-00A0C91BC942}") = "Activitystruct_0014", "Activitystruct_0014.vcxproj", "{A14F784E-A2E2-4D95-91C5-79E9B949E334}"
EndProject
Project("{8BC9CEB8-8B4A-11D0-8D11-00A0C91BC942}") = "contoh 2", "contoh 2\contoh 2.vcxproj", "{805E7623-98EE-439D-869C-1CD21838628E}"
EndProject
Project("{8BC9CEB8-8B4A-11D0-8D11-00A0C91BC942}") = "contoh 3", "contoh 3\contoh 3.vcxproj", "{DE8FCEC6-15C6-4CD2-87F0-084B8F730810}"
EndProject
Global
	GlobalSection(SolutionConfigurationPlatforms) = preSolution
		Debug|x64 = Debug|x64
		Debug|x86 = Debug|x86
		Release|x64 = Release|x64
		Release|x86 = Release|x86
	EndGlobalSection
	GlobalSection(ProjectConfigurationPlatforms) = postSolution
		{A14F784E-A2E2-4D95-91C5-79E9B949E334}.Debug|x64.ActiveCfg = Debug|x64
		{A14F784E-A2E2-4D95-91C5-79E9B949E334}.Debug|x64.Build.0 = Debug|x64
		{A14F784E-A2E2-4D95-91C5-79E9B949E334}.Debug|x86.ActiveCfg = Debug|Win32
		{A14F784E-A2E2-4D95-91C5-79E9B949E334}.Debug|x86.Build.0 = Debug|Win32
		{A14F784E-A2E2-4D95-91C5-79E9B949E334}.Release|x64.ActiveCfg = Release|x64
		{A14F784E-A2E2-4D95-91C5-79E9B949E334}.Release|x64.Build.0 = Release|x64
		{A14F784E-A2E2-4D95-91C5-79E9B949E334}.Release|x86.ActiveCfg = Release|Win32
		{A14F784E-A2E2-4D95-91C5-79E9B949E334}.Release|x86.Build.0 = Release|Win32
		{805E7623-98EE-439D-869C-1CD21838628E}.Debug|x64.ActiveCfg = Debug|x64
		{805E7623-98EE-439D-869C-1CD21838628E}.Debug|x64.Build.0 = Debug|x64
		{805E7623-98EE-439D-869C-1CD21838628E}.Debug|x86.ActiveCfg = Debug|Win32
		{805E7623-98EE-439D-869C-1CD21838628E}.Debug|x86.Build.0 = Debug|Win32
		{805E7623-98EE-439D-869C-1CD21838628E}.Release|x64.ActiveCfg = Release|x64
		{805E7623-98EE-439D-869C-1CD21838628E}.Release|x64.Build.0 = Release|x64
		{805E7623-98EE-439D-869C-1CD21838628E}.Release|x86.ActiveCfg = Release|Win32
		{805E7623-98EE-439D-869C-1CD21838628E}.Release|x86.Build.0 = Release|Win32
		{DE8FCEC6-15C6-4CD2-87F0-084B8F730810}.Debug|x64.ActiveCfg = Debug|x64
		{DE8FCEC6-15C6-4CD2-87F0-084B8F730810}.Debug|x64.Build.0 = Debug|x64
		{DE8FCEC6-15C6-4CD2-87F0-084B8F730810}.Debug|x86.ActiveCfg = Debug|Win32
		{DE8FCEC6-15C6-4CD2-87F0-084B8F730810}.Debug|x86.Build.0 = Debug|Win32
		{DE8FCEC6-15C6-4CD2-87F0-084B8F730810}.Release|x64.ActiveCfg = Release|x64
		{DE8FCEC6-15C6-4CD2-87F0-084B8F730810}.Release|x64.Build.0 = Release|x64
		{DE8FCEC6-15C6-4CD2-87F0-084B8F730810}.Release|x86.ActiveCfg = Release|Win32
		{DE8FCEC6-15C6-4CD2-87F0-084B8F730810}.Release|x86.Build.0 = Release|Win32
	EndGlobalSection
	GlobalSection(SolutionProperties) = preSolution
		HideSolutionNode = FALSE
	EndGlobalSection
	GlobalSection(ExtensibilityGlobals) = postSolution
		SolutionGuid = {0C35210E-925A-46D3-8057-FCBC06BA7A54}
	EndGlobalSection
EndGlobal
